# This file is automatically @generated by Cargo.
version = 3

[[package]]
name = "hyper"
version = "0.14.18"

[[package]]
name = "tokio"
version = "1.17.0"

[[package]]
name = "regex"
version = "1.5.4"

[[package]]
name = "serde"
version = "1.0.136"

[[package]]
name = "serde_json"
version = "1.0.79"

[[package]]
name = "h2"
version = "0.3.15"

[[package]]
name = "openssl"
version = "0.10.38"

[[package]]
name = "chrono"
version = "0.4.19"

[[package]]
name = "rustls"
version = "0.20.4"

[[package]]
name = "xml-rs"
version = "0.8.4"
