# Generated by pub on 2026-01-15.
packages:
  args:
    dependency: "direct main"
    description:
      name: args
      url: "https://pub.dev"
    source: hosted
    version: "2.4.2"
  collection:
    dependency: transitive
    description:
      name: collection
      url: "https://pub.dev"
    source: hosted
    version: "1.19.0"
  meta:
    dependency: transitive
    description:
      name: meta
      url: "https://pub.dev"
    source: hosted
    version: "1.15.0"
sdks:
  dart: ">=3.0.0 <4.0.0"
